
Microsoft Visual Studio Solution File, Format Version 12.00
# Visual Studio Version 17
VisualStudioVersion = 17.4.33205.214
MinimumVisualStudioVersion = 10.0.40219.1
Project("{9A19103F-16F7-4668-BE54-9A1E7A4F7556}") = "PenumbraModForwarder", "PenumbraModForwarder\PenumbraModForwarder.csproj", "{FD469EA1-8752-420A-8FF9-A383C489C129}"
EndProject
Global
	GlobalSection(SolutionConfigurationPlatforms) = preSolution
		Debug|Any CPU = Debug|Any CPU
		Release|Any CPU = Release|Any CPU
	EndGlobalSection
	GlobalSection(ProjectConfigurationPlatforms) = postSolution
		{FD469EA1-8752-420A-8FF9-A383C489C129}.Debug|Any CPU.ActiveCfg = Debug|Any CPU
		{FD469EA1-8752-420A-8FF9-A383C489C129}.Debug|Any CPU.Build.0 = Debug|Any CPU
		{FD469EA1-8752-420A-8FF9-A383C489C129}.Release|Any CPU.ActiveCfg = Release|Any CPU
		{FD469EA1-8752-420A-8FF9-A383C489C129}.Release|Any CPU.Build.0 = Release|Any CPU
	EndGlobalSection
	GlobalSection(SolutionProperties) = preSolution
		HideSolutionNode = FALSE
	EndGlobalSection
	GlobalSection(ExtensibilityGlobals) = postSolution
		SolutionGuid = {68E8C647-4E1F-442D-8F5B-495DB053C443}
	EndGlobalSection
EndGlobal
